
Microsoft Visual Studio Solution File, Format Version 12.00
Project("{FAE04EC0-301F-11D3-BF4B-00C04F79EFBC}") = "1 API", "1 API\1 API.csproj", "{18A7BB76-41BC-473B-A054-8465768B15DA}"
EndProject
Project("{FAE04EC0-301F-11D3-BF4B-00C04F79EFBC}") = "2 Domain", "2 Domain\2 Domain.csproj", "{A2045843-6613-4FDD-AF79-C3A274AF3D53}"
EndProject
Project("{FAE04EC0-301F-11D3-BF4B-00C04F79EFBC}") = "3 Data", "3 Data\3 Data.csproj", "{A210A4A9-CC92-406D-881F-EAFDC75B8E22}"
EndProject
Global
	GlobalSection(SolutionConfigurationPlatforms) = preSolution
		Debug|Any CPU = Debug|Any CPU
		Release|Any CPU = Release|Any CPU
	EndGlobalSection
	GlobalSection(ProjectConfigurationPlatforms) = postSolution
		{18A7BB76-41BC-473B-A054-8465768B15DA}.Debug|Any CPU.ActiveCfg = Debug|Any CPU
		{18A7BB76-41BC-473B-A054-8465768B15DA}.Debug|Any CPU.Build.0 = Debug|Any CPU
		{18A7BB76-41BC-473B-A054-8465768B15DA}.Release|Any CPU.ActiveCfg = Release|Any CPU
		{18A7BB76-41BC-473B-A054-8465768B15DA}.Release|Any CPU.Build.0 = Release|Any CPU
		{A2045843-6613-4FDD-AF79-C3A274AF3D53}.Debug|Any CPU.ActiveCfg = Debug|Any CPU
		{A2045843-6613-4FDD-AF79-C3A274AF3D53}.Debug|Any CPU.Build.0 = Debug|Any CPU
		{A2045843-6613-4FDD-AF79-C3A274AF3D53}.Release|Any CPU.ActiveCfg = Release|Any CPU
		{A2045843-6613-4FDD-AF79-C3A274AF3D53}.Release|Any CPU.Build.0 = Release|Any CPU
		{A210A4A9-CC92-406D-881F-EAFDC75B8E22}.Debug|Any CPU.ActiveCfg = Debug|Any CPU
		{A210A4A9-CC92-406D-881F-EAFDC75B8E22}.Debug|Any CPU.Build.0 = Debug|Any CPU
		{A210A4A9-CC92-406D-881F-EAFDC75B8E22}.Release|Any CPU.ActiveCfg = Release|Any CPU
		{A210A4A9-CC92-406D-881F-EAFDC75B8E22}.Release|Any CPU.Build.0 = Release|Any CPU
	EndGlobalSection
EndGlobal
